
Microsoft Visual Studio Solution File, Format Version 12.00
# Visual Studio 2012
Project("{8BC9CEB8-8B4A-11D0-8D11-00A0C91BC942}") = "tp", "tp.vcxproj", "{1D98110E-D1AB-4B38-9D36-EEE0203F36A2}"
EndProject
Project("{8BC9CEB8-8B4A-11D0-8D11-00A0C91BC942}") = "tpHandlers", "..\tpHandlers\tpHandlers.vcxproj", "{4344E210-2B17-44BB-BA50-04BA6216227F}"
EndProject
Global
	GlobalSection(SolutionConfigurationPlatforms) = preSolution
		Debug|Win32 = Debug|Win32
		Release|Win32 = Release|Win32
	EndGlobalSection
	GlobalSection(ProjectConfigurationPlatforms) = postSolution
		{1D98110E-D1AB-4B38-9D36-EEE0203F36A2}.Debug|Win32.ActiveCfg = Debug|Win32
		{1D98110E-D1AB-4B38-9D36-EEE0203F36A2}.Debug|Win32.Build.0 = Debug|Win32
		{1D98110E-D1AB-4B38-9D36-EEE0203F36A2}.Release|Win32.ActiveCfg = Release|Win32
		{1D98110E-D1AB-4B38-9D36-EEE0203F36A2}.Release|Win32.Build.0 = Release|Win32
		{4344E210-2B17-44BB-BA50-04BA6216227F}.Debug|Win32.ActiveCfg = Debug|Win32
		{4344E210-2B17-44BB-BA50-04BA6216227F}.Debug|Win32.Build.0 = Debug|Win32
		{4344E210-2B17-44BB-BA50-04BA6216227F}.Release|Win32.ActiveCfg = Release|Win32
		{4344E210-2B17-44BB-BA50-04BA6216227F}.Release|Win32.Build.0 = Release|Win32
	EndGlobalSection
	GlobalSection(SolutionProperties) = preSolution
		HideSolutionNode = FALSE
	EndGlobalSection
EndGlobal
